{
  "name": "pagamento",
  "version": "1.0.0",
  "lockfileVersion": 2,
  "requires": true,
  "packages": {
    "": {
      "name": "pagamento",
      "version": "1.0.0",
      "license": "ISC",
      "dependencies": {
        "@types/amqplib": "^0.10.1",
        "amqplib": "^0.10.0",
        "tsx": "^3.12.2",
        "typescript": "^4.9.4"
      },
      "devDependencies": {
        "@types/node": "^18.11.18"
      }
    },
    "node_modules/@acuminous/bitsyntax": {
      "version": "0.1.2",
      "resolved": "https://registry.npmjs.org/@acuminous/bitsyntax/-/bitsyntax-0.1.2.tgz",
      "integrity": "sha512-29lUK80d1muEQqiUsSo+3A0yP6CdspgC95EnKBMi22Xlwt79i/En4Vr67+cXhU+cZjbti3TgGGC5wy1stIywVQ==",
      "dependencies": {
        "buffer-more-ints": "~1.0.0",
        "debug": "^4.3.4",
        "safe-buffer": "~5.1.2"
      },
      "engines": {
        "node": ">=0.8"
      }
    },
    "node_modules/@esbuild-kit/cjs-loader": {
      "version": "2.4.2",
      "resolved": "https://registry.npmjs.org/@esbuild-kit/cjs-loader/-/cjs-loader-2.4.2.tgz",
      "integrity": "sha512-BDXFbYOJzT/NBEtp71cvsrGPwGAMGRB/349rwKuoxNSiKjPraNNnlK6MIIabViCjqZugu6j+xeMDlEkWdHHJSg==",
      "dependencies": {
        "@esbuild-kit/core-utils": "^3.0.0",
        "get-tsconfig": "^4.4.0"
      }
    },
    "node_modules/@esbuild-kit/core-utils": {
      "version": "3.1.0",
      "resolved": "https://registry.npmjs.org/@esbuild-kit/core-utils/-/core-utils-3.1.0.tgz",
      "integrity": "sha512-Uuk8RpCg/7fdHSceR1M6XbSZFSuMrxcePFuGgyvsBn+u339dk5OeL4jv2EojwTN2st/unJGsVm4qHWjWNmJ/tw==",
      "dependencies": {
        "esbuild": "~0.17.6",
        "source-map-support": "^0.5.21"
      }
    },
    "node_modules/@esbuild-kit/esm-loader": {
      "version": "2.5.5",
      "resolved": "https://registry.npmjs.org/@esbuild-kit/esm-loader/-/esm-loader-2.5.5.tgz",
      "integrity": "sha512-Qwfvj/qoPbClxCRNuac1Du01r9gvNOT+pMYtJDapfB1eoGN1YlJ1BixLyL9WVENRx5RXgNLdfYdx/CuswlGhMw==",
      "dependencies": {
        "@esbuild-kit/core-utils": "^3.0.0",
        "get-tsconfig": "^4.4.0"
      }
    },
    "node_modules/@esbuild/android-arm": {
      "version": "0.17.12",
      "resolved": "https://registry.npmjs.org/@esbuild/android-arm/-/android-arm-0.17.12.tgz",
      "integrity": "sha512-E/sgkvwoIfj4aMAPL2e35VnUJspzVYl7+M1B2cqeubdBhADV4uPon0KCc8p2G+LqSJ6i8ocYPCqY3A4GGq0zkQ==",
      "cpu": [
        "arm"
      ],
      "optional": true,
      "os": [
        "android"
      ],
      "engines": {
        "node": ">=12"
      }
    },
    "node_modules/@esbuild/android-arm64": {
      "version": "0.17.12",
      "resolved": "https://registry.npmjs.org/@esbuild/android-arm64/-/android-arm64-0.17.12.tgz",
      "integrity": "sha512-WQ9p5oiXXYJ33F2EkE3r0FRDFVpEdcDiwNX3u7Xaibxfx6vQE0Sb8ytrfQsA5WO6kDn6mDfKLh6KrPBjvkk7xA==",
      "cpu": [
        "arm64"
      ],
      "optional": true,
      "os": [
        "android"
      ],
      "engines": {
        "node": ">=12"
      }
    },
    "node_modules/@esbuild/android-x64": {
      "version": "0.17.12",
      "resolved": "https://registry.npmjs.org/@esbuild/android-x64/-/android-x64-0.17.12.tgz",
      "integrity": "sha512-m4OsaCr5gT+se25rFPHKQXARMyAehHTQAz4XX1Vk3d27VtqiX0ALMBPoXZsGaB6JYryCLfgGwUslMqTfqeLU0w==",
      "cpu": [
        "x64"
      ],
      "optional": true,
      "os": [
        "android"
      ],
      "engines": {
        "node": ">=12"
      }
    },
    "node_modules/@esbuild/darwin-arm64": {
      "version": "0.17.12",
      "resolved": "https://registry.npmjs.org/@esbuild/darwin-arm64/-/darwin-arm64-0.17.12.tgz",
      "integrity": "sha512-O3GCZghRIx+RAN0NDPhyyhRgwa19MoKlzGonIb5hgTj78krqp9XZbYCvFr9N1eUxg0ZQEpiiZ4QvsOQwBpP+lg==",
      "cpu": [
        "arm64"
      ],
      "optional": true,
      "os": [
        "darwin"
      ],
      "engines": {
        "node": ">=12"
      }
    },
    "node_modules/@esbuild/darwin-x64": {
      "version": "0.17.12",
      "resolved": "https://registry.npmjs.org/@esbuild/darwin-x64/-/darwin-x64-0.17.12.tgz",
      "integrity": "sha512-5D48jM3tW27h1qjaD9UNRuN+4v0zvksqZSPZqeSWggfMlsVdAhH3pwSfQIFJwcs9QJ9BRibPS4ViZgs3d2wsCA==",
      "cpu": [
        "x64"
      ],
      "optional": true,
      "os": [
        "darwin"
      ],
      "engines": {
        "node": ">=12"
      }
    },
    "node_modules/@esbuild/freebsd-arm64": {
      "version": "0.17.12",
      "resolved": "https://registry.npmjs.org/@esbuild/freebsd-arm64/-/freebsd-arm64-0.17.12.tgz",
      "integrity": "sha512-OWvHzmLNTdF1erSvrfoEBGlN94IE6vCEaGEkEH29uo/VoONqPnoDFfShi41Ew+yKimx4vrmmAJEGNoyyP+OgOQ==",
      "cpu": [
        "arm64"
      ],
      "optional": true,
      "os": [
        "freebsd"
      ],
      "engines": {
        "node": ">=12"
      }
    },
    "node_modules/@esbuild/freebsd-x64": {
      "version": "0.17.12",
      "resolved": "https://registry.npmjs.org/@esbuild/freebsd-x64/-/freebsd-x64-0.17.12.tgz",
      "integrity": "sha512-A0Xg5CZv8MU9xh4a+7NUpi5VHBKh1RaGJKqjxe4KG87X+mTjDE6ZvlJqpWoeJxgfXHT7IMP9tDFu7IZ03OtJAw==",
      "cpu": [
        "x64"
      ],
      "optional": true,
      "os": [
        "freebsd"
      ],
      "engines": {
        "node": ">=12"
      }
    },
    "node_modules/@esbuild/linux-arm": {
      "version": "0.17.12",
      "resolved": "https://registry.npmjs.org/@esbuild/linux-arm/-/linux-arm-0.17.12.tgz",
      "integrity": "sha512-WsHyJ7b7vzHdJ1fv67Yf++2dz3D726oO3QCu8iNYik4fb5YuuReOI9OtA+n7Mk0xyQivNTPbl181s+5oZ38gyA==",
      "cpu": [
        "arm"
      ],
      "optional": true,
      "os": [
        "linux"
      ],
      "engines": {
        "node": ">=12"
      }
    },
    "node_modules/@esbuild/linux-arm64": {
      "version": "0.17.12",
      "resolved": "https://registry.npmjs.org/@esbuild/linux-arm64/-/linux-arm64-0.17.12.tgz",
      "integrity": "sha512-cK3AjkEc+8v8YG02hYLQIQlOznW+v9N+OI9BAFuyqkfQFR+DnDLhEM5N8QRxAUz99cJTo1rLNXqRrvY15gbQUg==",
      "cpu": [
        "arm64"
      ],
      "optional": true,
      "os": [
        "linux"
      ],
      "engines": {
        "node": ">=12"
      }
    },
    "node_modules/@esbuild/linux-ia32": {
      "version": "0.17.12",
      "resolved": "https://registry.npmjs.org/@esbuild/linux-ia32/-/linux-ia32-0.17.12.tgz",
      "integrity": "sha512-jdOBXJqcgHlah/nYHnj3Hrnl9l63RjtQ4vn9+bohjQPI2QafASB5MtHAoEv0JQHVb/xYQTFOeuHnNYE1zF7tYw==",
      "cpu": [
        "ia32"
      ],
      "optional": true,
      "os": [
        "linux"
      ],
      "engines": {
        "node": ">=12"
      }
    },
    "node_modules/@esbuild/linux-loong64": {
      "version": "0.17.12",
      "resolved": "https://registry.npmjs.org/@esbuild/linux-loong64/-/linux-loong64-0.17.12.tgz",
      "integrity": "sha512-GTOEtj8h9qPKXCyiBBnHconSCV9LwFyx/gv3Phw0pa25qPYjVuuGZ4Dk14bGCfGX3qKF0+ceeQvwmtI+aYBbVA==",
      "cpu": [
        "loong64"
      ],
      "optional": true,
      "os": [
        "linux"
      ],
      "engines": {
        "node": ">=12"
      }
    },
    "node_modules/@esbuild/linux-mips64el": {
      "version": "0.17.12",
      "resolved": "https://registry.npmjs.org/@esbuild/linux-mips64el/-/linux-mips64el-0.17.12.tgz",
      "integrity": "sha512-o8CIhfBwKcxmEENOH9RwmUejs5jFiNoDw7YgS0EJTF6kgPgcqLFjgoc5kDey5cMHRVCIWc6kK2ShUePOcc7RbA==",
      "cpu": [
        "mips64el"
      ],
      "optional": true,
      "os": [
        "linux"
      ],
      "engines": {
        "node": ">=12"
      }
    },
    "node_modules/@esbuild/linux-ppc64": {
      "version": "0.17.12",
      "resolved": "https://registry.npmjs.org/@esbuild/linux-ppc64/-/linux-ppc64-0.17.12.tgz",
      "integrity": "sha512-biMLH6NR/GR4z+ap0oJYb877LdBpGac8KfZoEnDiBKd7MD/xt8eaw1SFfYRUeMVx519kVkAOL2GExdFmYnZx3A==",
      "cpu": [
        "ppc64"
      ],
      "optional": true,
      "os": [
        "linux"
      ],
      "engines": {
        "node": ">=12"
      }
    },
    "node_modules/@esbuild/linux-riscv64": {
      "version": "0.17.12",
      "resolved": "https://registry.npmjs.org/@esbuild/linux-riscv64/-/linux-riscv64-0.17.12.tgz",
      "integrity": "sha512-jkphYUiO38wZGeWlfIBMB72auOllNA2sLfiZPGDtOBb1ELN8lmqBrlMiucgL8awBw1zBXN69PmZM6g4yTX84TA==",
      "cpu": [
        "riscv64"
      ],
      "optional": true,
      "os": [
        "linux"
      ],
      "engines": {
        "node": ">=12"
      }
    },
    "node_modules/@esbuild/linux-s390x": {
      "version": "0.17.12",
      "resolved": "https://registry.npmjs.org/@esbuild/linux-s390x/-/linux-s390x-0.17.12.tgz",
      "integrity": "sha512-j3ucLdeY9HBcvODhCY4b+Ds3hWGO8t+SAidtmWu/ukfLLG/oYDMaA+dnugTVAg5fnUOGNbIYL9TOjhWgQB8W5g==",
      "cpu": [
        "s390x"
      ],
      "optional": true,
      "os": [
        "linux"
      ],
      "engines": {
        "node": ">=12"
      }
    },
    "node_modules/@esbuild/linux-x64": {
      "version": "0.17.12",
      "resolved": "https://registry.npmjs.org/@esbuild/linux-x64/-/linux-x64-0.17.12.tgz",
      "integrity": "sha512-uo5JL3cgaEGotaqSaJdRfFNSCUJOIliKLnDGWaVCgIKkHxwhYMm95pfMbWZ9l7GeW9kDg0tSxcy9NYdEtjwwmA==",
      "cpu": [
        "x64"
      ],
      "optional": true,
      "os": [
        "linux"
      ],
      "engines": {
        "node": ">=12"
      }
    },
    "node_modules/@esbuild/netbsd-x64": {
      "version": "0.17.12",
      "resolved": "https://registry.npmjs.org/@esbuild/netbsd-x64/-/netbsd-x64-0.17.12.tgz",
      "integrity": "sha512-DNdoRg8JX+gGsbqt2gPgkgb00mqOgOO27KnrWZtdABl6yWTST30aibGJ6geBq3WM2TIeW6COs5AScnC7GwtGPg==",
      "cpu": [
        "x64"
      ],
      "optional": true,
      "os": [
        "netbsd"
      ],
      "engines": {
        "node": ">=12"
      }
    },
    "node_modules/@esbuild/openbsd-x64": {
      "version": "0.17.12",
      "resolved": "https://registry.npmjs.org/@esbuild/openbsd-x64/-/openbsd-x64-0.17.12.tgz",
      "integrity": "sha512-aVsENlr7B64w8I1lhHShND5o8cW6sB9n9MUtLumFlPhG3elhNWtE7M1TFpj3m7lT3sKQUMkGFjTQBrvDDO1YWA==",
      "cpu": [
        "x64"
      ],
      "optional": true,
      "os": [
        "openbsd"
      ],
      "engines": {
        "node": ">=12"
      }
    },
    "node_modules/@esbuild/sunos-x64": {
      "version": "0.17.12",
      "resolved": "https://registry.npmjs.org/@esbuild/sunos-x64/-/sunos-x64-0.17.12.tgz",
      "integrity": "sha512-qbHGVQdKSwi0JQJuZznS4SyY27tYXYF0mrgthbxXrZI3AHKuRvU+Eqbg/F0rmLDpW/jkIZBlCO1XfHUBMNJ1pg==",
      "cpu": [
        "x64"
      ],
      "optional": true,
      "os": [
        "sunos"
      ],
      "engines": {
        "node": ">=12"
      }
    },
    "node_modules/@esbuild/win32-arm64": {
      "version": "0.17.12",
      "resolved": "https://registry.npmjs.org/@esbuild/win32-arm64/-/win32-arm64-0.17.12.tgz",
      "integrity": "sha512-zsCp8Ql+96xXTVTmm6ffvoTSZSV2B/LzzkUXAY33F/76EajNw1m+jZ9zPfNJlJ3Rh4EzOszNDHsmG/fZOhtqDg==",
      "cpu": [
        "arm64"
      ],
      "optional": true,
      "os": [
        "win32"
      ],
      "engines": {
        "node": ">=12"
      }
    },
    "node_modules/@esbuild/win32-ia32": {
      "version": "0.17.12",
      "resolved": "https://registry.npmjs.org/@esbuild/win32-ia32/-/win32-ia32-0.17.12.tgz",
      "integrity": "sha512-FfrFjR4id7wcFYOdqbDfDET3tjxCozUgbqdkOABsSFzoZGFC92UK7mg4JKRc/B3NNEf1s2WHxJ7VfTdVDPN3ng==",
      "cpu": [
        "ia32"
      ],
      "optional": true,
      "os": [
        "win32"
      ],
      "engines": {
        "node": ">=12"
      }
    },
    "node_modules/@esbuild/win32-x64": {
      "version": "0.17.12",
      "resolved": "https://registry.npmjs.org/@esbuild/win32-x64/-/win32-x64-0.17.12.tgz",
      "integrity": "sha512-JOOxw49BVZx2/5tW3FqkdjSD/5gXYeVGPDcB0lvap0gLQshkh1Nyel1QazC+wNxus3xPlsYAgqU1BUmrmCvWtw==",
      "cpu": [
        "x64"
      ],
      "optional": true,
      "os": [
        "win32"
      ],
      "engines": {
        "node": ">=12"
      }
    },
    "node_modules/@types/amqplib": {
      "version": "0.10.1",
      "resolved": "https://registry.npmjs.org/@types/amqplib/-/amqplib-0.10.1.tgz",
      "integrity": "sha512-j6ANKT79ncUDnAs/+9r9eDujxbeJoTjoVu33gHHcaPfmLQaMhvfbH2GqSe8KUM444epAp1Vl3peVOQfZk3UIqA==",
      "dependencies": {
        "@types/node": "*"
      }
    },
    "node_modules/@types/node": {
      "version": "18.15.3",
      "resolved": "https://registry.npmjs.org/@types/node/-/node-18.15.3.tgz",
      "integrity": "sha512-p6ua9zBxz5otCmbpb5D3U4B5Nanw6Pk3PPyX05xnxbB/fRv71N7CPmORg7uAD5P70T0xmx1pzAx/FUfa5X+3cw=="
    },
    "node_modules/amqplib": {
      "version": "0.10.3",
      "resolved": "https://registry.npmjs.org/amqplib/-/amqplib-0.10.3.tgz",
      "integrity": "sha512-UHmuSa7n8vVW/a5HGh2nFPqAEr8+cD4dEZ6u9GjP91nHfr1a54RyAKyra7Sb5NH7NBKOUlyQSMXIp0qAixKexw==",
      "dependencies": {
        "@acuminous/bitsyntax": "^0.1.2",
        "buffer-more-ints": "~1.0.0",
        "readable-stream": "1.x >=1.1.9",
        "url-parse": "~1.5.10"
      },
      "engines": {
        "node": ">=10"
      }
    },
    "node_modules/buffer-from": {
      "version": "1.1.2",
      "resolved": "https://registry.npmjs.org/buffer-from/-/buffer-from-1.1.2.tgz",
      "integrity": "sha512-E+XQCRwSbaaiChtv6k6Dwgc+bx+Bs6vuKJHHl5kox/BaKbhiXzqQOwK4cO22yElGp2OCmjwVhT3HmxgyPGnJfQ=="
    },
    "node_modules/buffer-more-ints": {
      "version": "1.0.0",
      "resolved": "https://registry.npmjs.org/buffer-more-ints/-/buffer-more-ints-1.0.0.tgz",
      "integrity": "sha512-EMetuGFz5SLsT0QTnXzINh4Ksr+oo4i+UGTXEshiGCQWnsgSs7ZhJ8fzlwQ+OzEMs0MpDAMr1hxnblp5a4vcHg=="
    },
    "node_modules/core-util-is": {
      "version": "1.0.3",
      "resolved": "https://registry.npmjs.org/core-util-is/-/core-util-is-1.0.3.tgz",
      "integrity": "sha512-ZQBvi1DcpJ4GDqanjucZ2Hj3wEO5pZDS89BWbkcrvdxksJorwUDDZamX9ldFkp9aw2lmBDLgkObEA4DWNJ9FYQ=="
    },
    "node_modules/debug": {
      "version": "4.3.4",
      "resolved": "https://registry.npmjs.org/debug/-/debug-4.3.4.tgz",
      "integrity": "sha512-PRWFHuSU3eDtQJPvnNY7Jcket1j0t5OuOsFzPPzsekD52Zl8qUfFIPEiswXqIvHWGVHOgX+7G/vCNNhehwxfkQ==",
      "dependencies": {
        "ms": "2.1.2"
      },
      "engines": {
        "node": ">=6.0"
      },
      "peerDependenciesMeta": {
        "supports-color": {
          "optional": true
        }
      }
    },
    "node_modules/esbuild": {
      "version": "0.17.12",
      "resolved": "https://registry.npmjs.org/esbuild/-/esbuild-0.17.12.tgz",
      "integrity": "sha512-bX/zHl7Gn2CpQwcMtRogTTBf9l1nl+H6R8nUbjk+RuKqAE3+8FDulLA+pHvX7aA7Xe07Iwa+CWvy9I8Y2qqPKQ==",
      "hasInstallScript": true,
      "bin": {
        "esbuild": "bin/esbuild"
      },
      "engines": {
        "node": ">=12"
      },
      "optionalDependencies": {
        "@esbuild/android-arm": "0.17.12",
        "@esbuild/android-arm64": "0.17.12",
        "@esbuild/android-x64": "0.17.12",
        "@esbuild/darwin-arm64": "0.17.12",
        "@esbuild/darwin-x64": "0.17.12",
        "@esbuild/freebsd-arm64": "0.17.12",
        "@esbuild/freebsd-x64": "0.17.12",
        "@esbuild/linux-arm": "0.17.12",
        "@esbuild/linux-arm64": "0.17.12",
        "@esbuild/linux-ia32": "0.17.12",
        "@esbuild/linux-loong64": "0.17.12",
        "@esbuild/linux-mips64el": "0.17.12",
        "@esbuild/linux-ppc64": "0.17.12",
        "@esbuild/linux-riscv64": "0.17.12",
        "@esbuild/linux-s390x": "0.17.12",
        "@esbuild/linux-x64": "0.17.12",
        "@esbuild/netbsd-x64": "0.17.12",
        "@esbuild/openbsd-x64": "0.17.12",
        "@esbuild/sunos-x64": "0.17.12",
        "@esbuild/win32-arm64": "0.17.12",
        "@esbuild/win32-ia32": "0.17.12",
        "@esbuild/win32-x64": "0.17.12"
      }
    },
    "node_modules/fsevents": {
      "version": "2.3.2",
      "resolved": "https://registry.npmjs.org/fsevents/-/fsevents-2.3.2.tgz",
      "integrity": "sha512-xiqMQR4xAeHTuB9uWm+fFRcIOgKBMiOBP+eXiyT7jsgVCq1bkVygt00oASowB7EdtpOHaaPgKt812P9ab+DDKA==",
      "hasInstallScript": true,
      "optional": true,
      "os": [
        "darwin"
      ],
      "engines": {
        "node": "^8.16.0 || ^10.6.0 || >=11.0.0"
      }
    },
    "node_modules/get-tsconfig": {
      "version": "4.4.0",
      "resolved": "https://registry.npmjs.org/get-tsconfig/-/get-tsconfig-4.4.0.tgz",
      "integrity": "sha512-0Gdjo/9+FzsYhXCEFueo2aY1z1tpXrxWZzP7k8ul9qt1U5o8rYJwTJYmaeHdrVosYIVYkOy2iwCJ9FdpocJhPQ==",
      "funding": {
        "url": "https://github.com/privatenumber/get-tsconfig?sponsor=1"
      }
    },
    "node_modules/inherits": {
      "version": "2.0.4",
      "resolved": "https://registry.npmjs.org/inherits/-/inherits-2.0.4.tgz",
      "integrity": "sha512-k/vGaX4/Yla3WzyMCvTQOXYeIHvqOKtnqBduzTHpzpQZzAskKMhZ2K+EnBiSM9zGSoIFeMpXKxa4dYeZIQqewQ=="
    },
    "node_modules/isarray": {
      "version": "0.0.1",
      "resolved": "https://registry.npmjs.org/isarray/-/isarray-0.0.1.tgz",
      "integrity": "sha512-D2S+3GLxWH+uhrNEcoh/fnmYeP8E8/zHl644d/jdA0g2uyXvy3sb0qxotE+ne0LtccHknQzWwZEzhak7oJ0COQ=="
    },
    "node_modules/ms": {
      "version": "2.1.2",
      "resolved": "https://registry.npmjs.org/ms/-/ms-2.1.2.tgz",
      "integrity": "sha512-sGkPx+VjMtmA6MX27oA4FBFELFCZZ4S4XqeGOXCv68tT+jb3vk/RyaKWP0PTKyWtmLSM0b+adUTEvbs1PEaH2w=="
    },
    "node_modules/querystringify": {
      "version": "2.2.0",
      "resolved": "https://registry.npmjs.org/querystringify/-/querystringify-2.2.0.tgz",
      "integrity": "sha512-FIqgj2EUvTa7R50u0rGsyTftzjYmv/a3hO345bZNrqabNqjtgiDMgmo4mkUjd+nzU5oF3dClKqFIPUKybUyqoQ=="
    },
    "node_modules/readable-stream": {
      "version": "1.1.14",
      "resolved": "https://registry.npmjs.org/readable-stream/-/readable-stream-1.1.14.tgz",
      "integrity": "sha512-+MeVjFf4L44XUkhM1eYbD8fyEsxcV81pqMSR5gblfcLCHfZvbrqy4/qYHE+/R5HoBUT11WV5O08Cr1n3YXkWVQ==",
      "dependencies": {
        "core-util-is": "~1.0.0",
        "inherits": "~2.0.1",
        "isarray": "0.0.1",
        "string_decoder": "~0.10.x"
      }
    },
    "node_modules/requires-port": {
      "version": "1.0.0",
      "resolved": "https://registry.npmjs.org/requires-port/-/requires-port-1.0.0.tgz",
      "integrity": "sha512-KigOCHcocU3XODJxsu8i/j8T9tzT4adHiecwORRQ0ZZFcp7ahwXuRU1m+yuO90C5ZUyGeGfocHDI14M3L3yDAQ=="
    },
    "node_modules/safe-buffer": {
      "version": "5.1.2",
      "resolved": "https://registry.npmjs.org/safe-buffer/-/safe-buffer-5.1.2.tgz",
      "integrity": "sha512-Gd2UZBJDkXlY7GbJxfsE8/nvKkUEU1G38c1siN6QP6a9PT9MmHB8GnpscSmMJSoF8LOIrt8ud/wPtojys4G6+g=="
    },
    "node_modules/source-map": {
      "version": "0.6.1",
      "resolved": "https://registry.npmjs.org/source-map/-/source-map-0.6.1.tgz",
      "integrity": "sha512-UjgapumWlbMhkBgzT7Ykc5YXUT46F0iKu8SGXq0bcwP5dz/h0Plj6enJqjz1Zbq2l5WaqYnrVbwWOWMyF3F47g==",
      "engines": {
        "node": ">=0.10.0"
      }
    },
    "node_modules/source-map-support": {
      "version": "0.5.21",
      "resolved": "https://registry.npmjs.org/source-map-support/-/source-map-support-0.5.21.tgz",
      "integrity": "sha512-uBHU3L3czsIyYXKX88fdrGovxdSCoTGDRZ6SYXtSRxLZUzHg5P/66Ht6uoUlHu9EZod+inXhKo3qQgwXUT/y1w==",
      "dependencies": {
        "buffer-from": "^1.0.0",
        "source-map": "^0.6.0"
      }
    },
    "node_modules/string_decoder": {
      "version": "0.10.31",
      "resolved": "https://registry.npmjs.org/string_decoder/-/string_decoder-0.10.31.tgz",
      "integrity": "sha512-ev2QzSzWPYmy9GuqfIVildA4OdcGLeFZQrq5ys6RtiuF+RQQiZWr8TZNyAcuVXyQRYfEO+MsoB/1BuQVhOJuoQ=="
    },
    "node_modules/tsx": {
      "version": "3.12.5",
      "resolved": "https://registry.npmjs.org/tsx/-/tsx-3.12.5.tgz",
      "integrity": "sha512-/TLj30xF1zcN9JkoFCyROtIQUi8cRQG+AFchsg5YkWou3+RXxTZS/ffWB3nCxyZPoBqF2+8ohs07N815dNb1wQ==",
      "dependencies": {
        "@esbuild-kit/cjs-loader": "^2.4.2",
        "@esbuild-kit/core-utils": "^3.0.0",
        "@esbuild-kit/esm-loader": "^2.5.5"
      },
      "bin": {
        "tsx": "dist/cli.js"
      },
      "optionalDependencies": {
        "fsevents": "~2.3.2"
      }
    },
    "node_modules/typescript": {
      "version": "4.9.5",
      "resolved": "https://registry.npmjs.org/typescript/-/typescript-4.9.5.tgz",
      "integrity": "sha512-1FXk9E2Hm+QzZQ7z+McJiHL4NW1F2EzMu9Nq9i3zAaGqibafqYwCVU6WyWAuyQRRzOlxou8xZSyXLEN8oKj24g==",
      "bin": {
        "tsc": "bin/tsc",
        "tsserver": "bin/tsserver"
      },
      "engines": {
        "node": ">=4.2.0"
      }
    },
    "node_modules/url-parse": {
      "version": "1.5.10",
      "resolved": "https://registry.npmjs.org/url-parse/-/url-parse-1.5.10.tgz",
      "integrity": "sha512-WypcfiRhfeUP9vvF0j6rw0J3hrWrw6iZv3+22h6iRMJ/8z1Tj6XfLP4DsUix5MhMPnXpiHDoKyoZ/bdCkwBCiQ==",
      "dependencies": {
        "querystringify": "^2.1.1",
        "requires-port": "^1.0.0"
      }
    }
  },
  "dependencies": {
    "@acuminous/bitsyntax": {
      "version": "0.1.2",
      "resolved": "https://registry.npmjs.org/@acuminous/bitsyntax/-/bitsyntax-0.1.2.tgz",
      "integrity": "sha512-29lUK80d1muEQqiUsSo+3A0yP6CdspgC95EnKBMi22Xlwt79i/En4Vr67+cXhU+cZjbti3TgGGC5wy1stIywVQ==",
      "requires": {
        "buffer-more-ints": "~1.0.0",
        "debug": "^4.3.4",
        "safe-buffer": "~5.1.2"
      }
    },
    "@esbuild-kit/cjs-loader": {
      "version": "2.4.2",
      "resolved": "https://registry.npmjs.org/@esbuild-kit/cjs-loader/-/cjs-loader-2.4.2.tgz",
      "integrity": "sha512-BDXFbYOJzT/NBEtp71cvsrGPwGAMGRB/349rwKuoxNSiKjPraNNnlK6MIIabViCjqZugu6j+xeMDlEkWdHHJSg==",
      "requires": {
        "@esbuild-kit/core-utils": "^3.0.0",
        "get-tsconfig": "^4.4.0"
      }
    },
    "@esbuild-kit/core-utils": {
      "version": "3.1.0",
      "resolved": "https://registry.npmjs.org/@esbuild-kit/core-utils/-/core-utils-3.1.0.tgz",
      "integrity": "sha512-Uuk8RpCg/7fdHSceR1M6XbSZFSuMrxcePFuGgyvsBn+u339dk5OeL4jv2EojwTN2st/unJGsVm4qHWjWNmJ/tw==",
      "requires": {
        "esbuild": "~0.17.6",
        "source-map-support": "^0.5.21"
      }
    },
    "@esbuild-kit/esm-loader": {
      "version": "2.5.5",
      "resolved": "https://registry.npmjs.org/@esbuild-kit/esm-loader/-/esm-loader-2.5.5.tgz",
      "integrity": "sha512-Qwfvj/qoPbClxCRNuac1Du01r9gvNOT+pMYtJDapfB1eoGN1YlJ1BixLyL9WVENRx5RXgNLdfYdx/CuswlGhMw==",
      "requires": {
        "@esbuild-kit/core-utils": "^3.0.0",
        "get-tsconfig": "^4.4.0"
      }
    },
    "@esbuild/android-arm": {
      "version": "0.17.12",
      "resolved": "https://registry.npmjs.org/@esbuild/android-arm/-/android-arm-0.17.12.tgz",
      "integrity": "sha512-E/sgkvwoIfj4aMAPL2e35VnUJspzVYl7+M1B2cqeubdBhADV4uPon0KCc8p2G+LqSJ6i8ocYPCqY3A4GGq0zkQ==",
      "optional": true
    },
    "@esbuild/android-arm64": {
      "version": "0.17.12",
      "resolved": "https://registry.npmjs.org/@esbuild/android-arm64/-/android-arm64-0.17.12.tgz",
      "integrity": "sha512-WQ9p5oiXXYJ33F2EkE3r0FRDFVpEdcDiwNX3u7Xaibxfx6vQE0Sb8ytrfQsA5WO6kDn6mDfKLh6KrPBjvkk7xA==",
      "optional": true
    },
    "@esbuild/android-x64": {
      "version": "0.17.12",
      "resolved": "https://registry.npmjs.org/@esbuild/android-x64/-/android-x64-0.17.12.tgz",
      "integrity": "sha512-m4OsaCr5gT+se25rFPHKQXARMyAehHTQAz4XX1Vk3d27VtqiX0ALMBPoXZsGaB6JYryCLfgGwUslMqTfqeLU0w==",
      "optional": true
    },
    "@esbuild/darwin-arm64": {
      "version": "0.17.12",
      "resolved": "https://registry.npmjs.org/@esbuild/darwin-arm64/-/darwin-arm64-0.17.12.tgz",
      "integrity": "sha512-O3GCZghRIx+RAN0NDPhyyhRgwa19MoKlzGonIb5hgTj78krqp9XZbYCvFr9N1eUxg0ZQEpiiZ4QvsOQwBpP+lg==",
      "optional": true
    },
    "@esbuild/darwin-x64": {
      "version": "0.17.12",
      "resolved": "https://registry.npmjs.org/@esbuild/darwin-x64/-/darwin-x64-0.17.12.tgz",
      "integrity": "sha512-5D48jM3tW27h1qjaD9UNRuN+4v0zvksqZSPZqeSWggfMlsVdAhH3pwSfQIFJwcs9QJ9BRibPS4ViZgs3d2wsCA==",
      "optional": true
    },
    "@esbuild/freebsd-arm64": {
      "version": "0.17.12",
      "resolved": "https://registry.npmjs.org/@esbuild/freebsd-arm64/-/freebsd-arm64-0.17.12.tgz",
      "integrity": "sha512-OWvHzmLNTdF1erSvrfoEBGlN94IE6vCEaGEkEH29uo/VoONqPnoDFfShi41Ew+yKimx4vrmmAJEGNoyyP+OgOQ==",
      "optional": true
    },
    "@esbuild/freebsd-x64": {
      "version": "0.17.12",
      "resolved": "https://registry.npmjs.org/@esbuild/freebsd-x64/-/freebsd-x64-0.17.12.tgz",
      "integrity": "sha512-A0Xg5CZv8MU9xh4a+7NUpi5VHBKh1RaGJKqjxe4KG87X+mTjDE6ZvlJqpWoeJxgfXHT7IMP9tDFu7IZ03OtJAw==",
      "optional": true
    },
    "@esbuild/linux-arm": {
      "version": "0.17.12",
      "resolved": "https://registry.npmjs.org/@esbuild/linux-arm/-/linux-arm-0.17.12.tgz",
      "integrity": "sha512-WsHyJ7b7vzHdJ1fv67Yf++2dz3D726oO3QCu8iNYik4fb5YuuReOI9OtA+n7Mk0xyQivNTPbl181s+5oZ38gyA==",
      "optional": true
    },
    "@esbuild/linux-arm64": {
      "version": "0.17.12",
      "resolved": "https://registry.npmjs.org/@esbuild/linux-arm64/-/linux-arm64-0.17.12.tgz",
      "integrity": "sha512-cK3AjkEc+8v8YG02hYLQIQlOznW+v9N+OI9BAFuyqkfQFR+DnDLhEM5N8QRxAUz99cJTo1rLNXqRrvY15gbQUg==",
      "optional": true
    },
    "@esbuild/linux-ia32": {
      "version": "0.17.12",
      "resolved": "https://registry.npmjs.org/@esbuild/linux-ia32/-/linux-ia32-0.17.12.tgz",
      "integrity": "sha512-jdOBXJqcgHlah/nYHnj3Hrnl9l63RjtQ4vn9+bohjQPI2QafASB5MtHAoEv0JQHVb/xYQTFOeuHnNYE1zF7tYw==",
      "optional": true
    },
    "@esbuild/linux-loong64": {
      "version": "0.17.12",
      "resolved": "https://registry.npmjs.org/@esbuild/linux-loong64/-/linux-loong64-0.17.12.tgz",
      "integrity": "sha512-GTOEtj8h9qPKXCyiBBnHconSCV9LwFyx/gv3Phw0pa25qPYjVuuGZ4Dk14bGCfGX3qKF0+ceeQvwmtI+aYBbVA==",
      "optional": true
    },
    "@esbuild/linux-mips64el": {
      "version": "0.17.12",
      "resolved": "https://registry.npmjs.org/@esbuild/linux-mips64el/-/linux-mips64el-0.17.12.tgz",
      "integrity": "sha512-o8CIhfBwKcxmEENOH9RwmUejs5jFiNoDw7YgS0EJTF6kgPgcqLFjgoc5kDey5cMHRVCIWc6kK2ShUePOcc7RbA==",
      "optional": true
    },
    "@esbuild/linux-ppc64": {
      "version": "0.17.12",
      "resolved": "https://registry.npmjs.org/@esbuild/linux-ppc64/-/linux-ppc64-0.17.12.tgz",
      "integrity": "sha512-biMLH6NR/GR4z+ap0oJYb877LdBpGac8KfZoEnDiBKd7MD/xt8eaw1SFfYRUeMVx519kVkAOL2GExdFmYnZx3A==",
      "optional": true
    },
    "@esbuild/linux-riscv64": {
      "version": "0.17.12",
      "resolved": "https://registry.npmjs.org/@esbuild/linux-riscv64/-/linux-riscv64-0.17.12.tgz",
      "integrity": "sha512-jkphYUiO38wZGeWlfIBMB72auOllNA2sLfiZPGDtOBb1ELN8lmqBrlMiucgL8awBw1zBXN69PmZM6g4yTX84TA==",
      "optional": true
    },
    "@esbuild/linux-s390x": {
      "version": "0.17.12",
      "resolved": "https://registry.npmjs.org/@esbuild/linux-s390x/-/linux-s390x-0.17.12.tgz",
      "integrity": "sha512-j3ucLdeY9HBcvODhCY4b+Ds3hWGO8t+SAidtmWu/ukfLLG/oYDMaA+dnugTVAg5fnUOGNbIYL9TOjhWgQB8W5g==",
      "optional": true
    },
    "@esbuild/linux-x64": {
      "version": "0.17.12",
      "resolved": "https://registry.npmjs.org/@esbuild/linux-x64/-/linux-x64-0.17.12.tgz",
      "integrity": "sha512-uo5JL3cgaEGotaqSaJdRfFNSCUJOIliKLnDGWaVCgIKkHxwhYMm95pfMbWZ9l7GeW9kDg0tSxcy9NYdEtjwwmA==",
      "optional": true
    },
    "@esbuild/netbsd-x64": {
      "version": "0.17.12",
      "resolved": "https://registry.npmjs.org/@esbuild/netbsd-x64/-/netbsd-x64-0.17.12.tgz",
      "integrity": "sha512-DNdoRg8JX+gGsbqt2gPgkgb00mqOgOO27KnrWZtdABl6yWTST30aibGJ6geBq3WM2TIeW6COs5AScnC7GwtGPg==",
      "optional": true
    },
    "@esbuild/openbsd-x64": {
      "version": "0.17.12",
      "resolved": "https://registry.npmjs.org/@esbuild/openbsd-x64/-/openbsd-x64-0.17.12.tgz",
      "integrity": "sha512-aVsENlr7B64w8I1lhHShND5o8cW6sB9n9MUtLumFlPhG3elhNWtE7M1TFpj3m7lT3sKQUMkGFjTQBrvDDO1YWA==",
      "optional": true
    },
    "@esbuild/sunos-x64": {
      "version": "0.17.12",
      "resolved": "https://registry.npmjs.org/@esbuild/sunos-x64/-/sunos-x64-0.17.12.tgz",
      "integrity": "sha512-qbHGVQdKSwi0JQJuZznS4SyY27tYXYF0mrgthbxXrZI3AHKuRvU+Eqbg/F0rmLDpW/jkIZBlCO1XfHUBMNJ1pg==",
      "optional": true
    },
    "@esbuild/win32-arm64": {
      "version": "0.17.12",
      "resolved": "https://registry.npmjs.org/@esbuild/win32-arm64/-/win32-arm64-0.17.12.tgz",
      "integrity": "sha512-zsCp8Ql+96xXTVTmm6ffvoTSZSV2B/LzzkUXAY33F/76EajNw1m+jZ9zPfNJlJ3Rh4EzOszNDHsmG/fZOhtqDg==",
      "optional": true
    },
    "@esbuild/win32-ia32": {
      "version": "0.17.12",
      "resolved": "https://registry.npmjs.org/@esbuild/win32-ia32/-/win32-ia32-0.17.12.tgz",
      "integrity": "sha512-FfrFjR4id7wcFYOdqbDfDET3tjxCozUgbqdkOABsSFzoZGFC92UK7mg4JKRc/B3NNEf1s2WHxJ7VfTdVDPN3ng==",
      "optional": true
    },
    "@esbuild/win32-x64": {
      "version": "0.17.12",
      "resolved": "https://registry.npmjs.org/@esbuild/win32-x64/-/win32-x64-0.17.12.tgz",
      "integrity": "sha512-JOOxw49BVZx2/5tW3FqkdjSD/5gXYeVGPDcB0lvap0gLQshkh1Nyel1QazC+wNxus3xPlsYAgqU1BUmrmCvWtw==",
      "optional": true
    },
    "@types/amqplib": {
      "version": "0.10.1",
      "resolved": "https://registry.npmjs.org/@types/amqplib/-/amqplib-0.10.1.tgz",
      "integrity": "sha512-j6ANKT79ncUDnAs/+9r9eDujxbeJoTjoVu33gHHcaPfmLQaMhvfbH2GqSe8KUM444epAp1Vl3peVOQfZk3UIqA==",
      "requires": {
        "@types/node": "*"
      }
    },
    "@types/node": {
      "version": "18.15.3",
      "resolved": "https://registry.npmjs.org/@types/node/-/node-18.15.3.tgz",
      "integrity": "sha512-p6ua9zBxz5otCmbpb5D3U4B5Nanw6Pk3PPyX05xnxbB/fRv71N7CPmORg7uAD5P70T0xmx1pzAx/FUfa5X+3cw=="
    },
    "amqplib": {
      "version": "0.10.3",
      "resolved": "https://registry.npmjs.org/amqplib/-/amqplib-0.10.3.tgz",
      "integrity": "sha512-UHmuSa7n8vVW/a5HGh2nFPqAEr8+cD4dEZ6u9GjP91nHfr1a54RyAKyra7Sb5NH7NBKOUlyQSMXIp0qAixKexw==",
      "requires": {
        "@acuminous/bitsyntax": "^0.1.2",
        "buffer-more-ints": "~1.0.0",
        "readable-stream": "1.x >=1.1.9",
        "url-parse": "~1.5.10"
      }
    },
    "buffer-from": {
      "version": "1.1.2",
      "resolved": "https://registry.npmjs.org/buffer-from/-/buffer-from-1.1.2.tgz",
      "integrity": "sha512-E+XQCRwSbaaiChtv6k6Dwgc+bx+Bs6vuKJHHl5kox/BaKbhiXzqQOwK4cO22yElGp2OCmjwVhT3HmxgyPGnJfQ=="
    },
    "buffer-more-ints": {
      "version": "1.0.0",
      "resolved": "https://registry.npmjs.org/buffer-more-ints/-/buffer-more-ints-1.0.0.tgz",
      "integrity": "sha512-EMetuGFz5SLsT0QTnXzINh4Ksr+oo4i+UGTXEshiGCQWnsgSs7ZhJ8fzlwQ+OzEMs0MpDAMr1hxnblp5a4vcHg=="
    },
    "core-util-is": {
      "version": "1.0.3",
      "resolved": "https://registry.npmjs.org/core-util-is/-/core-util-is-1.0.3.tgz",
      "integrity": "sha512-ZQBvi1DcpJ4GDqanjucZ2Hj3wEO5pZDS89BWbkcrvdxksJorwUDDZamX9ldFkp9aw2lmBDLgkObEA4DWNJ9FYQ=="
    },
    "debug": {
      "version": "4.3.4",
      "resolved": "https://registry.npmjs.org/debug/-/debug-4.3.4.tgz",
      "integrity": "sha512-PRWFHuSU3eDtQJPvnNY7Jcket1j0t5OuOsFzPPzsekD52Zl8qUfFIPEiswXqIvHWGVHOgX+7G/vCNNhehwxfkQ==",
      "requires": {
        "ms": "2.1.2"
      }
    },
    "esbuild": {
      "version": "0.17.12",
      "resolved": "https://registry.npmjs.org/esbuild/-/esbuild-0.17.12.tgz",
      "integrity": "sha512-bX/zHl7Gn2CpQwcMtRogTTBf9l1nl+H6R8nUbjk+RuKqAE3+8FDulLA+pHvX7aA7Xe07Iwa+CWvy9I8Y2qqPKQ==",
      "requires": {
        "@esbuild/android-arm": "0.17.12",
        "@esbuild/android-arm64": "0.17.12",
        "@esbuild/android-x64": "0.17.12",
        "@esbuild/darwin-arm64": "0.17.12",
        "@esbuild/darwin-x64": "0.17.12",
        "@esbuild/freebsd-arm64": "0.17.12",
        "@esbuild/freebsd-x64": "0.17.12",
        "@esbuild/linux-arm": "0.17.12",
        "@esbuild/linux-arm64": "0.17.12",
        "@esbuild/linux-ia32": "0.17.12",
        "@esbuild/linux-loong64": "0.17.12",
        "@esbuild/linux-mips64el": "0.17.12",
        "@esbuild/linux-ppc64": "0.17.12",
        "@esbuild/linux-riscv64": "0.17.12",
        "@esbuild/linux-s390x": "0.17.12",
        "@esbuild/linux-x64": "0.17.12",
        "@esbuild/netbsd-x64": "0.17.12",
        "@esbuild/openbsd-x64": "0.17.12",
        "@esbuild/sunos-x64": "0.17.12",
        "@esbuild/win32-arm64": "0.17.12",
        "@esbuild/win32-ia32": "0.17.12",
        "@esbuild/win32-x64": "0.17.12"
      }
    },
    "fsevents": {
      "version": "2.3.2",
      "resolved": "https://registry.npmjs.org/fsevents/-/fsevents-2.3.2.tgz",
      "integrity": "sha512-xiqMQR4xAeHTuB9uWm+fFRcIOgKBMiOBP+eXiyT7jsgVCq1bkVygt00oASowB7EdtpOHaaPgKt812P9ab+DDKA==",
      "optional": true
    },
    "get-tsconfig": {
      "version": "4.4.0",
      "resolved": "https://registry.npmjs.org/get-tsconfig/-/get-tsconfig-4.4.0.tgz",
      "integrity": "sha512-0Gdjo/9+FzsYhXCEFueo2aY1z1tpXrxWZzP7k8ul9qt1U5o8rYJwTJYmaeHdrVosYIVYkOy2iwCJ9FdpocJhPQ=="
    },
    "inherits": {
      "version": "2.0.4",
      "resolved": "https://registry.npmjs.org/inherits/-/inherits-2.0.4.tgz",
      "integrity": "sha512-k/vGaX4/Yla3WzyMCvTQOXYeIHvqOKtnqBduzTHpzpQZzAskKMhZ2K+EnBiSM9zGSoIFeMpXKxa4dYeZIQqewQ=="
    },
    "isarray": {
      "version": "0.0.1",
      "resolved": "https://registry.npmjs.org/isarray/-/isarray-0.0.1.tgz",
      "integrity": "sha512-D2S+3GLxWH+uhrNEcoh/fnmYeP8E8/zHl644d/jdA0g2uyXvy3sb0qxotE+ne0LtccHknQzWwZEzhak7oJ0COQ=="
    },
    "ms": {
      "version": "2.1.2",
      "resolved": "https://registry.npmjs.org/ms/-/ms-2.1.2.tgz",
      "integrity": "sha512-sGkPx+VjMtmA6MX27oA4FBFELFCZZ4S4XqeGOXCv68tT+jb3vk/RyaKWP0PTKyWtmLSM0b+adUTEvbs1PEaH2w=="
    },
    "querystringify": {
      "version": "2.2.0",
      "resolved": "https://registry.npmjs.org/querystringify/-/querystringify-2.2.0.tgz",
      "integrity": "sha512-FIqgj2EUvTa7R50u0rGsyTftzjYmv/a3hO345bZNrqabNqjtgiDMgmo4mkUjd+nzU5oF3dClKqFIPUKybUyqoQ=="
    },
    "readable-stream": {
      "version": "1.1.14",
      "resolved": "https://registry.npmjs.org/readable-stream/-/readable-stream-1.1.14.tgz",
      "integrity": "sha512-+MeVjFf4L44XUkhM1eYbD8fyEsxcV81pqMSR5gblfcLCHfZvbrqy4/qYHE+/R5HoBUT11WV5O08Cr1n3YXkWVQ==",
      "requires": {
        "core-util-is": "~1.0.0",
        "inherits": "~2.0.1",
        "isarray": "0.0.1",
        "string_decoder": "~0.10.x"
      }
    },
    "requires-port": {
      "version": "1.0.0",
      "resolved": "https://registry.npmjs.org/requires-port/-/requires-port-1.0.0.tgz",
      "integrity": "sha512-KigOCHcocU3XODJxsu8i/j8T9tzT4adHiecwORRQ0ZZFcp7ahwXuRU1m+yuO90C5ZUyGeGfocHDI14M3L3yDAQ=="
    },
    "safe-buffer": {
      "version": "5.1.2",
      "resolved": "https://registry.npmjs.org/safe-buffer/-/safe-buffer-5.1.2.tgz",
      "integrity": "sha512-Gd2UZBJDkXlY7GbJxfsE8/nvKkUEU1G38c1siN6QP6a9PT9MmHB8GnpscSmMJSoF8LOIrt8ud/wPtojys4G6+g=="
    },
    "source-map": {
      "version": "0.6.1",
      "resolved": "https://registry.npmjs.org/source-map/-/source-map-0.6.1.tgz",
      "integrity": "sha512-UjgapumWlbMhkBgzT7Ykc5YXUT46F0iKu8SGXq0bcwP5dz/h0Plj6enJqjz1Zbq2l5WaqYnrVbwWOWMyF3F47g=="
    },
    "source-map-support": {
      "version": "0.5.21",
      "resolved": "https://registry.npmjs.org/source-map-support/-/source-map-support-0.5.21.tgz",
      "integrity": "sha512-uBHU3L3czsIyYXKX88fdrGovxdSCoTGDRZ6SYXtSRxLZUzHg5P/66Ht6uoUlHu9EZod+inXhKo3qQgwXUT/y1w==",
      "requires": {
        "buffer-from": "^1.0.0",
        "source-map": "^0.6.0"
      }
    },
    "string_decoder": {
      "version": "0.10.31",
      "resolved": "https://registry.npmjs.org/string_decoder/-/string_decoder-0.10.31.tgz",
      "integrity": "sha512-ev2QzSzWPYmy9GuqfIVildA4OdcGLeFZQrq5ys6RtiuF+RQQiZWr8TZNyAcuVXyQRYfEO+MsoB/1BuQVhOJuoQ=="
    },
    "tsx": {
      "version": "3.12.5",
      "resolved": "https://registry.npmjs.org/tsx/-/tsx-3.12.5.tgz",
      "integrity": "sha512-/TLj30xF1zcN9JkoFCyROtIQUi8cRQG+AFchsg5YkWou3+RXxTZS/ffWB3nCxyZPoBqF2+8ohs07N815dNb1wQ==",
      "requires": {
        "@esbuild-kit/cjs-loader": "^2.4.2",
        "@esbuild-kit/core-utils": "^3.0.0",
        "@esbuild-kit/esm-loader": "^2.5.5",
        "fsevents": "~2.3.2"
      }
    },
    "typescript": {
      "version": "4.9.5",
      "resolved": "https://registry.npmjs.org/typescript/-/typescript-4.9.5.tgz",
      "integrity": "sha512-1FXk9E2Hm+QzZQ7z+McJiHL4NW1F2EzMu9Nq9i3zAaGqibafqYwCVU6WyWAuyQRRzOlxou8xZSyXLEN8oKj24g=="
    },
    "url-parse": {
      "version": "1.5.10",
      "resolved": "https://registry.npmjs.org/url-parse/-/url-parse-1.5.10.tgz",
      "integrity": "sha512-WypcfiRhfeUP9vvF0j6rw0J3hrWrw6iZv3+22h6iRMJ/8z1Tj6XfLP4DsUix5MhMPnXpiHDoKyoZ/bdCkwBCiQ==",
      "requires": {
        "querystringify": "^2.1.1",
        "requires-port": "^1.0.0"
      }
    }
  }
}
